
Microsoft Visual Studio Solution File, Format Version 12.00
# Visual Studio Version 16
VisualStudioVersion = 16.0.29609.76
MinimumVisualStudioVersion = 10.0.40219.1
Project("{9A19103F-16F7-4668-BE54-9A1E7A4F7556}") = "MyLibrary.Website", "MyLibrary.Website\MyLibrary.Website.csproj", "{C4E7B23F-9CB7-432E-96A5-E30AE17F44FB}"
EndProject
Global
	GlobalSection(SolutionConfigurationPlatforms) = preSolution
		Debug|Any CPU = Debug|Any CPU
		Release|Any CPU = Release|Any CPU
	EndGlobalSection
	GlobalSection(ProjectConfigurationPlatforms) = postSolution
		{C4E7B23F-9CB7-432E-96A5-E30AE17F44FB}.Debug|Any CPU.ActiveCfg = Debug|Any CPU
		{C4E7B23F-9CB7-432E-96A5-E30AE17F44FB}.Debug|Any CPU.Build.0 = Debug|Any CPU
		{C4E7B23F-9CB7-432E-96A5-E30AE17F44FB}.Release|Any CPU.ActiveCfg = Release|Any CPU
		{C4E7B23F-9CB7-432E-96A5-E30AE17F44FB}.Release|Any CPU.Build.0 = Release|Any CPU
	EndGlobalSection
	GlobalSection(SolutionProperties) = preSolution
		HideSolutionNode = FALSE
	EndGlobalSection
	GlobalSection(ExtensibilityGlobals) = postSolution
		SolutionGuid = {3573284F-9F5C-4C2F-A150-019B9B3F5231}
	EndGlobalSection
EndGlobal
